
Microsoft Visual Studio Solution File, Format Version 12.00
# Visual Studio 15
VisualStudioVersion = 15.0.28307.902
MinimumVisualStudioVersion = 10.0.40219.1
Project("{FAE04EC0-301F-11D3-BF4B-00C04F79EFBC}") = "SoyJoyCandles", "SoyJoyCandles\SoyJoyCandles.csproj", "{FF45ECE0-8E8D-4CC3-AF75-E59D8DEDAD9D}"
EndProject
Global
	GlobalSection(SolutionConfigurationPlatforms) = preSolution
		Debug|Any CPU = Debug|Any CPU
		Release|Any CPU = Release|Any CPU
	EndGlobalSection
	GlobalSection(ProjectConfigurationPlatforms) = postSolution
		{FF45ECE0-8E8D-4CC3-AF75-E59D8DEDAD9D}.Debug|Any CPU.ActiveCfg = Debug|Any CPU
		{FF45ECE0-8E8D-4CC3-AF75-E59D8DEDAD9D}.Debug|Any CPU.Build.0 = Debug|Any CPU
		{FF45ECE0-8E8D-4CC3-AF75-E59D8DEDAD9D}.Release|Any CPU.ActiveCfg = Release|Any CPU
		{FF45ECE0-8E8D-4CC3-AF75-E59D8DEDAD9D}.Release|Any CPU.Build.0 = Release|Any CPU
	EndGlobalSection
	GlobalSection(SolutionProperties) = preSolution
		HideSolutionNode = FALSE
	EndGlobalSection
	GlobalSection(ExtensibilityGlobals) = postSolution
		SolutionGuid = {E85C7F41-B4E3-45BA-8E63-796A0F250FA2}
	EndGlobalSection
EndGlobal
